{
  "requires": true,
  "lockfileVersion": 1,
  "dependencies": {
    "print-js": {
      "version": "1.0.61",
      "resolved": "https://registry.npmjs.org/print-js/-/print-js-1.0.61.tgz",
      "integrity": "sha512-H/GhVZMroI7qqXH+6LrtFacLOcapRIUrcJD4F4BONZFTk6VtmGC2dqQydzW4RYJpfsCxNUg2Tyi7A46zKC3wmQ=="
    }
  }
}
